
Microsoft Visual Studio Solution File, Format Version 12.00
# Visual Studio Version 17
VisualStudioVersion = 17.7.34031.279
MinimumVisualStudioVersion = 10.0.40219.1
Project("{888888A0-9F3D-457C-B088-3A5042F75D52}") = "BooksV3", "BooksV3\BooksV3.pyproj", "{CD479CA8-438E-4C8B-BA1D-0B22EB88404E}"
EndProject
Global
	GlobalSection(SolutionConfigurationPlatforms) = preSolution
		Debug|Any CPU = Debug|Any CPU
		Release|Any CPU = Release|Any CPU
	EndGlobalSection
	GlobalSection(ProjectConfigurationPlatforms) = postSolution
		{CD479CA8-438E-4C8B-BA1D-0B22EB88404E}.Debug|Any CPU.ActiveCfg = Debug|Any CPU
		{CD479CA8-438E-4C8B-BA1D-0B22EB88404E}.Release|Any CPU.ActiveCfg = Release|Any CPU
	EndGlobalSection
	GlobalSection(SolutionProperties) = preSolution
		HideSolutionNode = FALSE
	EndGlobalSection
	GlobalSection(ExtensibilityGlobals) = postSolution
		SolutionGuid = {BA2B95B3-5FDA-431B-A40F-C9E5A58B3C85}
	EndGlobalSection
EndGlobal
