
Microsoft Visual Studio Solution File, Format Version 12.00
# Visual Studio Version 17
VisualStudioVersion = 17.7.34024.191
MinimumVisualStudioVersion = 10.0.40219.1
Project("{888888A0-9F3D-457C-B088-3A5042F75D52}") = "Lesson2", "Lesson2\Lesson2.pyproj", "{89DD0C4D-51DB-4A0D-B206-F80E081B85FE}"
EndProject
Global
	GlobalSection(SolutionConfigurationPlatforms) = preSolution
		Debug|Any CPU = Debug|Any CPU
		Release|Any CPU = Release|Any CPU
	EndGlobalSection
	GlobalSection(ProjectConfigurationPlatforms) = postSolution
		{89DD0C4D-51DB-4A0D-B206-F80E081B85FE}.Debug|Any CPU.ActiveCfg = Debug|Any CPU
		{89DD0C4D-51DB-4A0D-B206-F80E081B85FE}.Release|Any CPU.ActiveCfg = Release|Any CPU
	EndGlobalSection
	GlobalSection(SolutionProperties) = preSolution
		HideSolutionNode = FALSE
	EndGlobalSection
	GlobalSection(ExtensibilityGlobals) = postSolution
		SolutionGuid = {9EC91F8E-2936-4397-8110-F343B89DA8CA}
	EndGlobalSection
EndGlobal
