
Microsoft Visual Studio Solution File, Format Version 12.00
# Visual Studio Version 17
VisualStudioVersion = 17.7.34031.279
MinimumVisualStudioVersion = 10.0.40219.1
Project("{888888A0-9F3D-457C-B088-3A5042F75D52}") = "FunctionsAndModulesNotesV4", "FunctionsAndModulesNotesV4\FunctionsAndModulesNotesV4.pyproj", "{27AEC45F-3078-450B-8897-D095913BD949}"
EndProject
Global
	GlobalSection(SolutionConfigurationPlatforms) = preSolution
		Debug|Any CPU = Debug|Any CPU
		Release|Any CPU = Release|Any CPU
	EndGlobalSection
	GlobalSection(ProjectConfigurationPlatforms) = postSolution
		{27AEC45F-3078-450B-8897-D095913BD949}.Debug|Any CPU.ActiveCfg = Debug|Any CPU
		{27AEC45F-3078-450B-8897-D095913BD949}.Release|Any CPU.ActiveCfg = Release|Any CPU
	EndGlobalSection
	GlobalSection(SolutionProperties) = preSolution
		HideSolutionNode = FALSE
	EndGlobalSection
	GlobalSection(ExtensibilityGlobals) = postSolution
		SolutionGuid = {D8237CDF-F472-4BBB-9E9F-6BBC18F49CC9}
	EndGlobalSection
EndGlobal
