
Microsoft Visual Studio Solution File, Format Version 12.00
# Visual Studio Version 17
VisualStudioVersion = 17.7.34221.43
MinimumVisualStudioVersion = 10.0.40219.1
Project("{888888A0-9F3D-457C-B088-3A5042F75D52}") = "Module6Lesson2Notes", "Module6Lesson2Notes\Module6Lesson2Notes.pyproj", "{5015E452-4AF3-4DCB-A587-BBD6D2E5D776}"
EndProject
Global
	GlobalSection(SolutionConfigurationPlatforms) = preSolution
		Debug|Any CPU = Debug|Any CPU
		Release|Any CPU = Release|Any CPU
	EndGlobalSection
	GlobalSection(ProjectConfigurationPlatforms) = postSolution
		{5015E452-4AF3-4DCB-A587-BBD6D2E5D776}.Debug|Any CPU.ActiveCfg = Debug|Any CPU
		{5015E452-4AF3-4DCB-A587-BBD6D2E5D776}.Release|Any CPU.ActiveCfg = Release|Any CPU
	EndGlobalSection
	GlobalSection(SolutionProperties) = preSolution
		HideSolutionNode = FALSE
	EndGlobalSection
	GlobalSection(ExtensibilityGlobals) = postSolution
		SolutionGuid = {D29A977A-4E97-43C7-AA29-AB554C782858}
	EndGlobalSection
EndGlobal
