
Microsoft Visual Studio Solution File, Format Version 12.00
# Visual Studio Version 17
VisualStudioVersion = 17.7.34031.279
MinimumVisualStudioVersion = 10.0.40219.1
Project("{888888A0-9F3D-457C-B088-3A5042F75D52}") = "Numbers", "Numbers\Numbers.pyproj", "{B57FC785-971F-4900-B967-C6349C26A167}"
EndProject
Global
	GlobalSection(SolutionConfigurationPlatforms) = preSolution
		Debug|Any CPU = Debug|Any CPU
		Release|Any CPU = Release|Any CPU
	EndGlobalSection
	GlobalSection(ProjectConfigurationPlatforms) = postSolution
		{B57FC785-971F-4900-B967-C6349C26A167}.Debug|Any CPU.ActiveCfg = Debug|Any CPU
		{B57FC785-971F-4900-B967-C6349C26A167}.Release|Any CPU.ActiveCfg = Release|Any CPU
	EndGlobalSection
	GlobalSection(SolutionProperties) = preSolution
		HideSolutionNode = FALSE
	EndGlobalSection
	GlobalSection(ExtensibilityGlobals) = postSolution
		SolutionGuid = {4C88260E-E985-4CE4-8BF9-7C332FADA836}
	EndGlobalSection
EndGlobal
