
Microsoft Visual Studio Solution File, Format Version 12.00
# Visual Studio Version 17
VisualStudioVersion = 17.7.34031.279
MinimumVisualStudioVersion = 10.0.40219.1
Project("{888888A0-9F3D-457C-B088-3A5042F75D52}") = "BooksV2", "BooksV2\BooksV2.pyproj", "{3DF9A26C-9531-4C33-91C9-402BFD42A2F9}"
EndProject
Global
	GlobalSection(SolutionConfigurationPlatforms) = preSolution
		Debug|Any CPU = Debug|Any CPU
		Release|Any CPU = Release|Any CPU
	EndGlobalSection
	GlobalSection(ProjectConfigurationPlatforms) = postSolution
		{3DF9A26C-9531-4C33-91C9-402BFD42A2F9}.Debug|Any CPU.ActiveCfg = Debug|Any CPU
		{3DF9A26C-9531-4C33-91C9-402BFD42A2F9}.Release|Any CPU.ActiveCfg = Release|Any CPU
	EndGlobalSection
	GlobalSection(SolutionProperties) = preSolution
		HideSolutionNode = FALSE
	EndGlobalSection
	GlobalSection(ExtensibilityGlobals) = postSolution
		SolutionGuid = {C49B4E29-368C-479D-9677-1E48EC4EAAE9}
	EndGlobalSection
EndGlobal
