
Microsoft Visual Studio Solution File, Format Version 12.00
# Visual Studio Version 17
VisualStudioVersion = 17.7.34221.43
MinimumVisualStudioVersion = 10.0.40219.1
Project("{888888A0-9F3D-457C-B088-3A5042F75D52}") = "Module7Lesson1Notes", "Module7Lesson1Notes\Module7Lesson1Notes.pyproj", "{8D4BACAF-B9D5-420A-9D7E-BF52D1C47C7D}"
EndProject
Global
	GlobalSection(SolutionConfigurationPlatforms) = preSolution
		Debug|Any CPU = Debug|Any CPU
		Release|Any CPU = Release|Any CPU
	EndGlobalSection
	GlobalSection(ProjectConfigurationPlatforms) = postSolution
		{8D4BACAF-B9D5-420A-9D7E-BF52D1C47C7D}.Debug|Any CPU.ActiveCfg = Debug|Any CPU
		{8D4BACAF-B9D5-420A-9D7E-BF52D1C47C7D}.Release|Any CPU.ActiveCfg = Release|Any CPU
	EndGlobalSection
	GlobalSection(SolutionProperties) = preSolution
		HideSolutionNode = FALSE
	EndGlobalSection
	GlobalSection(ExtensibilityGlobals) = postSolution
		SolutionGuid = {8EB4AF7F-9CA4-4ED4-AD40-CCB71AAC34D7}
	EndGlobalSection
EndGlobal
