
Microsoft Visual Studio Solution File, Format Version 12.00
# Visual Studio Version 17
VisualStudioVersion = 17.7.34221.43
MinimumVisualStudioVersion = 10.0.40219.1
Project("{888888A0-9F3D-457C-B088-3A5042F75D52}") = "regex.py", "regex.py\regex.py.pyproj", "{D69144EB-A5DB-436C-8E42-D007DE0DC658}"
EndProject
Global
	GlobalSection(SolutionConfigurationPlatforms) = preSolution
		Debug|Any CPU = Debug|Any CPU
		Release|Any CPU = Release|Any CPU
	EndGlobalSection
	GlobalSection(ProjectConfigurationPlatforms) = postSolution
		{D69144EB-A5DB-436C-8E42-D007DE0DC658}.Debug|Any CPU.ActiveCfg = Debug|Any CPU
		{D69144EB-A5DB-436C-8E42-D007DE0DC658}.Release|Any CPU.ActiveCfg = Release|Any CPU
	EndGlobalSection
	GlobalSection(SolutionProperties) = preSolution
		HideSolutionNode = FALSE
	EndGlobalSection
	GlobalSection(ExtensibilityGlobals) = postSolution
		SolutionGuid = {76BC5D75-3F15-47F9-819D-6B5EB1057966}
	EndGlobalSection
EndGlobal
