
Microsoft Visual Studio Solution File, Format Version 12.00
# Visual Studio Version 17
VisualStudioVersion = 17.7.34221.43
MinimumVisualStudioVersion = 10.0.40219.1
Project("{888888A0-9F3D-457C-B088-3A5042F75D52}") = "Module6ExampleProgram", "Module6ExampleProgram\Module6ExampleProgram.pyproj", "{9AD63138-9463-4EF4-BAE7-8A0BDD3578B8}"
EndProject
Global
	GlobalSection(SolutionConfigurationPlatforms) = preSolution
		Debug|Any CPU = Debug|Any CPU
		Release|Any CPU = Release|Any CPU
	EndGlobalSection
	GlobalSection(ProjectConfigurationPlatforms) = postSolution
		{9AD63138-9463-4EF4-BAE7-8A0BDD3578B8}.Debug|Any CPU.ActiveCfg = Debug|Any CPU
		{9AD63138-9463-4EF4-BAE7-8A0BDD3578B8}.Release|Any CPU.ActiveCfg = Release|Any CPU
	EndGlobalSection
	GlobalSection(SolutionProperties) = preSolution
		HideSolutionNode = FALSE
	EndGlobalSection
	GlobalSection(ExtensibilityGlobals) = postSolution
		SolutionGuid = {2DC0F314-3E3E-4295-9097-6DF3D1B29A45}
	EndGlobalSection
EndGlobal
