
Microsoft Visual Studio Solution File, Format Version 12.00
# Visual Studio Version 17
VisualStudioVersion = 17.7.34031.279
MinimumVisualStudioVersion = 10.0.40219.1
Project("{888888A0-9F3D-457C-B088-3A5042F75D52}") = "FunctionsAndModulesNotes", "FunctionsAndModulesNotes\FunctionsAndModulesNotes.pyproj", "{A17884BE-C733-44BB-83AF-C6AA679791B9}"
EndProject
Global
	GlobalSection(SolutionConfigurationPlatforms) = preSolution
		Debug|Any CPU = Debug|Any CPU
		Release|Any CPU = Release|Any CPU
	EndGlobalSection
	GlobalSection(ProjectConfigurationPlatforms) = postSolution
		{A17884BE-C733-44BB-83AF-C6AA679791B9}.Debug|Any CPU.ActiveCfg = Debug|Any CPU
		{A17884BE-C733-44BB-83AF-C6AA679791B9}.Release|Any CPU.ActiveCfg = Release|Any CPU
	EndGlobalSection
	GlobalSection(SolutionProperties) = preSolution
		HideSolutionNode = FALSE
	EndGlobalSection
	GlobalSection(ExtensibilityGlobals) = postSolution
		SolutionGuid = {2559DEA9-4EB8-45A2-8352-814601286C4C}
	EndGlobalSection
EndGlobal
