
Microsoft Visual Studio Solution File, Format Version 12.00
# Visual Studio Version 17
VisualStudioVersion = 17.7.34031.279
MinimumVisualStudioVersion = 10.0.40219.1
Project("{888888A0-9F3D-457C-B088-3A5042F75D52}") = "Mod3Lesson2Tuples", "Mod3Lesson2Tuples\Mod3Lesson2Tuples.pyproj", "{405E6060-0ED3-40D9-8ED8-A041196FA09B}"
EndProject
Global
	GlobalSection(SolutionConfigurationPlatforms) = preSolution
		Debug|Any CPU = Debug|Any CPU
		Release|Any CPU = Release|Any CPU
	EndGlobalSection
	GlobalSection(ProjectConfigurationPlatforms) = postSolution
		{405E6060-0ED3-40D9-8ED8-A041196FA09B}.Debug|Any CPU.ActiveCfg = Debug|Any CPU
		{405E6060-0ED3-40D9-8ED8-A041196FA09B}.Release|Any CPU.ActiveCfg = Release|Any CPU
	EndGlobalSection
	GlobalSection(SolutionProperties) = preSolution
		HideSolutionNode = FALSE
	EndGlobalSection
	GlobalSection(ExtensibilityGlobals) = postSolution
		SolutionGuid = {4CB4ECA8-DE24-4994-AA07-7543F125FC84}
	EndGlobalSection
EndGlobal
