
Microsoft Visual Studio Solution File, Format Version 12.00
# Visual Studio Version 17
VisualStudioVersion = 17.7.34031.279
MinimumVisualStudioVersion = 10.0.40219.1
Project("{888888A0-9F3D-457C-B088-3A5042F75D52}") = "ExampleProgramModule2", "ExampleProgramModule2\ExampleProgramModule2.pyproj", "{2C523CED-4179-4CB8-80A2-461B082A6CF1}"
EndProject
Global
	GlobalSection(SolutionConfigurationPlatforms) = preSolution
		Debug|Any CPU = Debug|Any CPU
		Release|Any CPU = Release|Any CPU
	EndGlobalSection
	GlobalSection(ProjectConfigurationPlatforms) = postSolution
		{2C523CED-4179-4CB8-80A2-461B082A6CF1}.Debug|Any CPU.ActiveCfg = Debug|Any CPU
		{2C523CED-4179-4CB8-80A2-461B082A6CF1}.Release|Any CPU.ActiveCfg = Release|Any CPU
	EndGlobalSection
	GlobalSection(SolutionProperties) = preSolution
		HideSolutionNode = FALSE
	EndGlobalSection
	GlobalSection(ExtensibilityGlobals) = postSolution
		SolutionGuid = {05252E5C-1F82-4CD9-BD03-EB30A0C71B7B}
	EndGlobalSection
EndGlobal
