
Microsoft Visual Studio Solution File, Format Version 12.00
# Visual Studio Version 17
VisualStudioVersion = 17.7.34031.279
MinimumVisualStudioVersion = 10.0.40219.1
Project("{888888A0-9F3D-457C-B088-3A5042F75D52}") = "Module3Lesson2Dict", "Module3Lesson2Dict\Module3Lesson2Dict.pyproj", "{55565581-47DE-4209-B2FE-D912A19C73AC}"
EndProject
Global
	GlobalSection(SolutionConfigurationPlatforms) = preSolution
		Debug|Any CPU = Debug|Any CPU
		Release|Any CPU = Release|Any CPU
	EndGlobalSection
	GlobalSection(ProjectConfigurationPlatforms) = postSolution
		{55565581-47DE-4209-B2FE-D912A19C73AC}.Debug|Any CPU.ActiveCfg = Debug|Any CPU
		{55565581-47DE-4209-B2FE-D912A19C73AC}.Release|Any CPU.ActiveCfg = Release|Any CPU
	EndGlobalSection
	GlobalSection(SolutionProperties) = preSolution
		HideSolutionNode = FALSE
	EndGlobalSection
	GlobalSection(ExtensibilityGlobals) = postSolution
		SolutionGuid = {1CE8D6C4-A8BE-4104-83EE-5F2DEF3C08DA}
	EndGlobalSection
EndGlobal
