
Microsoft Visual Studio Solution File, Format Version 12.00
# Visual Studio Version 17
VisualStudioVersion = 17.7.34031.279
MinimumVisualStudioVersion = 10.0.40219.1
Project("{888888A0-9F3D-457C-B088-3A5042F75D52}") = "Module5Lesson2Notes", "Module5Lesson2Notes\Module5Lesson2Notes.pyproj", "{F261DC7F-F362-4BEB-951E-445F9851A725}"
EndProject
Global
	GlobalSection(SolutionConfigurationPlatforms) = preSolution
		Debug|Any CPU = Debug|Any CPU
		Release|Any CPU = Release|Any CPU
	EndGlobalSection
	GlobalSection(ProjectConfigurationPlatforms) = postSolution
		{F261DC7F-F362-4BEB-951E-445F9851A725}.Debug|Any CPU.ActiveCfg = Debug|Any CPU
		{F261DC7F-F362-4BEB-951E-445F9851A725}.Release|Any CPU.ActiveCfg = Release|Any CPU
	EndGlobalSection
	GlobalSection(SolutionProperties) = preSolution
		HideSolutionNode = FALSE
	EndGlobalSection
	GlobalSection(ExtensibilityGlobals) = postSolution
		SolutionGuid = {17C2E6B5-7F59-4EA1-9490-5EFE1340B81B}
	EndGlobalSection
EndGlobal
